
Microsoft Visual Studio Solution File, Format Version 12.00
# Visual Studio Version 17
VisualStudioVersion = 17.14.37111.16
MinimumVisualStudioVersion = 10.0.40219.1
Project("{FAE04EC0-301F-11D3-BF4B-00C04F79EFBC}") = "AgentStationHub", "AgentStationHub.csproj", "{C75FB9FB-CBFD-4933-B439-502E5A3106EA}"
EndProject
Project("{FAE04EC0-301F-11D3-BF4B-00C04F79EFBC}") = "AgentStationHub.SandboxRunner", "..\AgentStationHub.SandboxRunner\AgentStationHub.SandboxRunner.csproj", "{7BADF7F9-A9F1-4DF5-ABD3-264BADD2452C}"
EndProject
Project("{FAE04EC0-301F-11D3-BF4B-00C04F79EFBC}") = "AgentStationHub.DoctorAgent", "..\AgentStationHub.DoctorAgent\AgentStationHub.DoctorAgent.csproj", "{1A7482D7-E6B5-403A-BFAE-7B17FA2BCE48}"
EndProject
Global
	GlobalSection(SolutionConfigurationPlatforms) = preSolution
		Debug|Any CPU = Debug|Any CPU
		Debug|x64 = Debug|x64
		Debug|x86 = Debug|x86
		Release|Any CPU = Release|Any CPU
		Release|x64 = Release|x64
		Release|x86 = Release|x86
	EndGlobalSection
	GlobalSection(ProjectConfigurationPlatforms) = postSolution
		{C75FB9FB-CBFD-4933-B439-502E5A3106EA}.Debug|Any CPU.ActiveCfg = Debug|Any CPU
		{C75FB9FB-CBFD-4933-B439-502E5A3106EA}.Debug|Any CPU.Build.0 = Debug|Any CPU
		{C75FB9FB-CBFD-4933-B439-502E5A3106EA}.Debug|x64.ActiveCfg = Debug|Any CPU
		{C75FB9FB-CBFD-4933-B439-502E5A3106EA}.Debug|x64.Build.0 = Debug|Any CPU
		{C75FB9FB-CBFD-4933-B439-502E5A3106EA}.Debug|x86.ActiveCfg = Debug|Any CPU
		{C75FB9FB-CBFD-4933-B439-502E5A3106EA}.Debug|x86.Build.0 = Debug|Any CPU
		{C75FB9FB-CBFD-4933-B439-502E5A3106EA}.Release|Any CPU.ActiveCfg = Release|Any CPU
		{C75FB9FB-CBFD-4933-B439-502E5A3106EA}.Release|Any CPU.Build.0 = Release|Any CPU
		{C75FB9FB-CBFD-4933-B439-502E5A3106EA}.Release|x64.ActiveCfg = Release|Any CPU
		{C75FB9FB-CBFD-4933-B439-502E5A3106EA}.Release|x64.Build.0 = Release|Any CPU
		{C75FB9FB-CBFD-4933-B439-502E5A3106EA}.Release|x86.ActiveCfg = Release|Any CPU
		{C75FB9FB-CBFD-4933-B439-502E5A3106EA}.Release|x86.Build.0 = Release|Any CPU
		{7BADF7F9-A9F1-4DF5-ABD3-264BADD2452C}.Debug|Any CPU.ActiveCfg = Debug|Any CPU
		{7BADF7F9-A9F1-4DF5-ABD3-264BADD2452C}.Debug|Any CPU.Build.0 = Debug|Any CPU
		{7BADF7F9-A9F1-4DF5-ABD3-264BADD2452C}.Debug|x64.ActiveCfg = Debug|Any CPU
		{7BADF7F9-A9F1-4DF5-ABD3-264BADD2452C}.Debug|x64.Build.0 = Debug|Any CPU
		{7BADF7F9-A9F1-4DF5-ABD3-264BADD2452C}.Debug|x86.ActiveCfg = Debug|Any CPU
		{7BADF7F9-A9F1-4DF5-ABD3-264BADD2452C}.Debug|x86.Build.0 = Debug|Any CPU
		{7BADF7F9-A9F1-4DF5-ABD3-264BADD2452C}.Release|Any CPU.ActiveCfg = Release|Any CPU
		{7BADF7F9-A9F1-4DF5-ABD3-264BADD2452C}.Release|Any CPU.Build.0 = Release|Any CPU
		{7BADF7F9-A9F1-4DF5-ABD3-264BADD2452C}.Release|x64.ActiveCfg = Release|Any CPU
		{7BADF7F9-A9F1-4DF5-ABD3-264BADD2452C}.Release|x64.Build.0 = Release|Any CPU
		{7BADF7F9-A9F1-4DF5-ABD3-264BADD2452C}.Release|x86.ActiveCfg = Release|Any CPU
		{7BADF7F9-A9F1-4DF5-ABD3-264BADD2452C}.Release|x86.Build.0 = Release|Any CPU
		{1A7482D7-E6B5-403A-BFAE-7B17FA2BCE48}.Debug|Any CPU.ActiveCfg = Debug|Any CPU
		{1A7482D7-E6B5-403A-BFAE-7B17FA2BCE48}.Debug|Any CPU.Build.0 = Debug|Any CPU
		{1A7482D7-E6B5-403A-BFAE-7B17FA2BCE48}.Debug|x64.ActiveCfg = Debug|Any CPU
		{1A7482D7-E6B5-403A-BFAE-7B17FA2BCE48}.Debug|x64.Build.0 = Debug|Any CPU
		{1A7482D7-E6B5-403A-BFAE-7B17FA2BCE48}.Debug|x86.ActiveCfg = Debug|Any CPU
		{1A7482D7-E6B5-403A-BFAE-7B17FA2BCE48}.Debug|x86.Build.0 = Debug|Any CPU
		{1A7482D7-E6B5-403A-BFAE-7B17FA2BCE48}.Release|Any CPU.ActiveCfg = Release|Any CPU
		{1A7482D7-E6B5-403A-BFAE-7B17FA2BCE48}.Release|Any CPU.Build.0 = Release|Any CPU
		{1A7482D7-E6B5-403A-BFAE-7B17FA2BCE48}.Release|x64.ActiveCfg = Release|Any CPU
		{1A7482D7-E6B5-403A-BFAE-7B17FA2BCE48}.Release|x64.Build.0 = Release|Any CPU
		{1A7482D7-E6B5-403A-BFAE-7B17FA2BCE48}.Release|x86.ActiveCfg = Release|Any CPU
		{1A7482D7-E6B5-403A-BFAE-7B17FA2BCE48}.Release|x86.Build.0 = Release|Any CPU
	EndGlobalSection
	GlobalSection(SolutionProperties) = preSolution
		HideSolutionNode = FALSE
	EndGlobalSection
	GlobalSection(ExtensibilityGlobals) = postSolution
		SolutionGuid = {C501BCB8-C5FB-4304-ADB5-70F3A958EBCF}
	EndGlobalSection
EndGlobal
